// !$*UTF8*$!
{
	archiveVersion = 1;
	classes = {
	};
	objectVersion = 48;
	objects = {

/* Begin PBXBuildFile section */
		E93C887F207292F700B1F1A1 /* stateMachine.cpp in Sources */ = {isa = PBXBuildFile; fileRef = E93C887D207292F700B1F1A1 /* stateMachine.cpp */; };
		E981BDEA207281B00078E07C /* main.cpp in Sources */ = {isa = PBXBuildFile; fileRef = E981BDE9207281B00078E07C /* main.cpp */; };
		E981BDF6207282C10078E07C /* libsfml-graphics.2.4.2.dylib in Frameworks */ = {isa = PBXBuildFile; fileRef = E981BDF1207282C10078E07C /* libsfml-graphics.2.4.2.dylib */; };
		E981BDF7207282C10078E07C /* libsfml-network.2.4.2.dylib in Frameworks */ = {isa = PBXBuildFile; fileRef = E981BDF2207282C10078E07C /* libsfml-network.2.4.2.dylib */; };
		E981BDF8207282C10078E07C /* libsfml-system.2.4.2.dylib in Frameworks */ = {isa = PBXBuildFile; fileRef = E981BDF3207282C10078E07C /* libsfml-system.2.4.2.dylib */; };
		E981BDF9207282C10078E07C /* libsfml-window.2.4.2.dylib in Frameworks */ = {isa = PBXBuildFile; fileRef = E981BDF4207282C10078E07C /* libsfml-window.2.4.2.dylib */; };
		E981BDFA207282C10078E07C /* libsfml-audio.2.4.2.dylib in Frameworks */ = {isa = PBXBuildFile; fileRef = E981BDF5207282C10078E07C /* libsfml-audio.2.4.2.dylib */; };
/* End PBXBuildFile section */

/* Begin PBXCopyFilesBuildPhase section */
		E981BDE4207281B00078E07C /* CopyFiles */ = {
			isa = PBXCopyFilesBuildPhase;
			buildActionMask = 2147483647;
			dstPath = /usr/share/man/man1/;
			dstSubfolderSpec = 0;
			files = (
			);
			runOnlyForDeploymentPostprocessing = 1;
		};
/* End PBXCopyFilesBuildPhase section */

/* Begin PBXFileReference section */
		E93C887C2072921D00B1F1A1 /* state.hpp */ = {isa = PBXFileReference; lastKnownFileType = sourcecode.cpp.h; path = state.hpp; sourceTree = "<group>"; };
		E93C887D207292F700B1F1A1 /* stateMachine.cpp */ = {isa = PBXFileReference; lastKnownFileType = sourcecode.cpp.cpp; path = stateMachine.cpp; sourceTree = "<group>"; };
		E93C887E207292F700B1F1A1 /* stateMachine.hpp */ = {isa = PBXFileReference; lastKnownFileType = sourcecode.cpp.h; path = stateMachine.hpp; sourceTree = "<group>"; };
		E981BDE6207281B00078E07C /* SFML Template */ = {isa = PBXFileReference; explicitFileType = "compiled.mach-o.executable"; includeInIndex = 0; path = "SFML Template"; sourceTree = BUILT_PRODUCTS_DIR; };
		E981BDE9207281B00078E07C /* main.cpp */ = {isa = PBXFileReference; lastKnownFileType = sourcecode.cpp.cpp; path = main.cpp; sourceTree = "<group>"; };
		E981BDF1207282C10078E07C /* libsfml-graphics.2.4.2.dylib */ = {isa = PBXFileReference; lastKnownFileType = "compiled.mach-o.dylib"; name = "libsfml-graphics.2.4.2.dylib"; path = "../External Libraries/SFML/lib/libsfml-graphics.2.4.2.dylib"; sourceTree = "<group>"; };
		E981BDF2207282C10078E07C /* libsfml-network.2.4.2.dylib */ = {isa = PBXFileReference; lastKnownFileType = "compiled.mach-o.dylib"; name = "libsfml-network.2.4.2.dylib"; path = "../External Libraries/SFML/lib/libsfml-network.2.4.2.dylib"; sourceTree = "<group>"; };
		E981BDF3207282C10078E07C /* libsfml-system.2.4.2.dylib */ = {isa = PBXFileReference; lastKnownFileType = "compiled.mach-o.dylib"; name = "libsfml-system.2.4.2.dylib"; path = "../External Libraries/SFML/lib/libsfml-system.2.4.2.dylib"; sourceTree = "<group>"; };
		E981BDF4207282C10078E07C /* libsfml-window.2.4.2.dylib */ = {isa = PBXFileReference; lastKnownFileType = "compiled.mach-o.dylib"; name = "libsfml-window.2.4.2.dylib"; path = "../External Libraries/SFML/lib/libsfml-window.2.4.2.dylib"; sourceTree = "<group>"; };
		E981BDF5207282C10078E07C /* libsfml-audio.2.4.2.dylib */ = {isa = PBXFileReference; lastKnownFileType = "compiled.mach-o.dylib"; name = "libsfml-audio.2.4.2.dylib"; path = "../External Libraries/SFML/lib/libsfml-audio.2.4.2.dylib"; sourceTree = "<group>"; };
/* End PBXFileReference section */

/* Begin PBXFrameworksBuildPhase section */
		E981BDE3207281B00078E07C /* Frameworks */ = {
			isa = PBXFrameworksBuildPhase;
			buildActionMask = 2147483647;
			files = (
				E981BDFA207282C10078E07C /* libsfml-audio.2.4.2.dylib in Frameworks */,
				E981BDF6207282C10078E07C /* libsfml-graphics.2.4.2.dylib in Frameworks */,
				E981BDF7207282C10078E07C /* libsfml-network.2.4.2.dylib in Frameworks */,
				E981BDF8207282C10078E07C /* libsfml-system.2.4.2.dylib in Frameworks */,
				E981BDF9207282C10078E07C /* libsfml-window.2.4.2.dylib in Frameworks */,
			);
			runOnlyForDeploymentPostprocessing = 0;
		};
/* End PBXFrameworksBuildPhase section */

/* Begin PBXGroup section */
		E981BDDD207281B00078E07C = {
			isa = PBXGroup;
			children = (
				E981BDE8207281B00078E07C /* SFML Template */,
				E981BDE7207281B00078E07C /* Products */,
				E981BDF0207282C10078E07C /* Frameworks */,
			);
			sourceTree = "<group>";
		};
		E981BDE7207281B00078E07C /* Products */ = {
			isa = PBXGroup;
			children = (
				E981BDE6207281B00078E07C /* SFML Template */,
			);
			name = Products;
			sourceTree = "<group>";
		};
		E981BDE8207281B00078E07C /* SFML Template */ = {
			isa = PBXGroup;
			children = (
				E981BDE9207281B00078E07C /* main.cpp */,
				E93C887C2072921D00B1F1A1 /* state.hpp */,
				E93C887D207292F700B1F1A1 /* stateMachine.cpp */,
				E93C887E207292F700B1F1A1 /* stateMachine.hpp */,
			);
			path = "SFML Template";
			sourceTree = "<group>";
		};
		E981BDF0207282C10078E07C /* Frameworks */ = {
			isa = PBXGroup;
			children = (
				E981BDF5207282C10078E07C /* libsfml-audio.2.4.2.dylib */,
				E981BDF1207282C10078E07C /* libsfml-graphics.2.4.2.dylib */,
				E981BDF2207282C10078E07C /* libsfml-network.2.4.2.dylib */,
				E981BDF3207282C10078E07C /* libsfml-system.2.4.2.dylib */,
				E981BDF4207282C10078E07C /* libsfml-window.2.4.2.dylib */,
			);
			name = Frameworks;
			sourceTree = "<group>";
		};
/* End PBXGroup section */

/* Begin PBXNativeTarget section */
		E981BDE5207281B00078E07C /* SFML Template */ = {
			isa = PBXNativeTarget;
			buildConfigurationList = E981BDED207281B00078E07C /* Build configuration list for PBXNativeTarget "SFML Template" */;
			buildPhases = (
				E981BDE2207281B00078E07C /* Sources */,
				E981BDE3207281B00078E07C /* Frameworks */,
				E981BDE4207281B00078E07C /* CopyFiles */,
			);
			buildRules = (
			);
			dependencies = (
			);
			name = "SFML Template";
			productName = "SFML Template";
			productReference = E981BDE6207281B00078E07C /* SFML Template */;
			productType = "com.apple.product-type.tool";
		};
/* End PBXNativeTarget section */

/* Begin PBXProject section */
		E981BDDE207281B00078E07C /* Project object */ = {
			isa = PBXProject;
			attributes = {
				LastUpgradeCheck = 0920;
				ORGANIZATIONNAME = "Vitali Mueller";
				TargetAttributes = {
					E981BDE5207281B00078E07C = {
						CreatedOnToolsVersion = 9.2;
						ProvisioningStyle = Automatic;
					};
				};
			};
			buildConfigurationList = E981BDE1207281B00078E07C /* Build configuration list for PBXProject "SFML Template" */;
			compatibilityVersion = "Xcode 8.0";
			developmentRegion = en;
			hasScannedForEncodings = 0;
			knownRegions = (
				en,
			);
			mainGroup = E981BDDD207281B00078E07C;
			productRefGroup = E981BDE7207281B00078E07C /* Products */;
			projectDirPath = "";
			projectRoot = "";
			targets = (
				E981BDE5207281B00078E07C /* SFML Template */,
			);
		};
/* End PBXProject section */

/* Begin PBXSourcesBuildPhase section */
		E981BDE2207281B00078E07C /* Sources */ = {
			isa = PBXSourcesBuildPhase;
			buildActionMask = 2147483647;
			files = (
				E981BDEA207281B00078E07C /* main.cpp in Sources */,
				E93C887F207292F700B1F1A1 /* stateMachine.cpp in Sources */,
			);
			runOnlyForDeploymentPostprocessing = 0;
		};
/* End PBXSourcesBuildPhase section */

/* Begin XCBuildConfiguration section */
		E981BDEB207281B00078E07C /* Debug */ = {
			isa = XCBuildConfiguration;
			buildSettings = {
				ALWAYS_SEARCH_USER_PATHS = NO;
				CLANG_ANALYZER_NONNULL = YES;
				CLANG_ANALYZER_NUMBER_OBJECT_CONVERSION = YES_AGGRESSIVE;
				CLANG_CXX_LANGUAGE_STANDARD = "gnu++14";
				CLANG_CXX_LIBRARY = "libc++";
				CLANG_ENABLE_MODULES = YES;
				CLANG_ENABLE_OBJC_ARC = YES;
				CLANG_WARN_BLOCK_CAPTURE_AUTORELEASING = YES;
				CLANG_WARN_BOOL_CONVERSION = YES;
				CLANG_WARN_COMMA = YES;
				CLANG_WARN_CONSTANT_CONVERSION = YES;
				CLANG_WARN_DIRECT_OBJC_ISA_USAGE = YES_ERROR;
				CLANG_WARN_DOCUMENTATION_COMMENTS = YES;
				CLANG_WARN_EMPTY_BODY = YES;
				CLANG_WARN_ENUM_CONVERSION = YES;
				CLANG_WARN_INFINITE_RECURSION = YES;
				CLANG_WARN_INT_CONVERSION = YES;
				CLANG_WARN_NON_LITERAL_NULL_CONVERSION = YES;
				CLANG_WARN_OBJC_LITERAL_CONVERSION = YES;
				CLANG_WARN_OBJC_ROOT_CLASS = YES_ERROR;
				CLANG_WARN_RANGE_LOOP_ANALYSIS = YES;
				CLANG_WARN_STRICT_PROTOTYPES = YES;
				CLANG_WARN_SUSPICIOUS_MOVE = YES;
				CLANG_WARN_UNGUARDED_AVAILABILITY = YES_AGGRESSIVE;
				CLANG_WARN_UNREACHABLE_CODE = YES;
				CLANG_WARN__DUPLICATE_METHOD_MATCH = YES;
				CODE_SIGN_IDENTITY = "-";
				COPY_PHASE_STRIP = NO;
				DEBUG_INFORMATION_FORMAT = dwarf;
				ENABLE_STRICT_OBJC_MSGSEND = YES;
				ENABLE_TESTABILITY = YES;
				GCC_C_LANGUAGE_STANDARD = gnu11;
				GCC_DYNAMIC_NO_PIC = NO;
				GCC_NO_COMMON_BLOCKS = YES;
				GCC_OPTIMIZATION_LEVEL = 0;
				GCC_PREPROCESSOR_DEFINITIONS = (
					"DEBUG=1",
					"$(inherited)",
				);
				GCC_WARN_64_TO_32_BIT_CONVERSION = YES;
				GCC_WARN_ABOUT_RETURN_TYPE = YES_ERROR;
				GCC_WARN_UNDECLARED_SELECTOR = YES;
				GCC_WARN_UNINITIALIZED_AUTOS = YES_AGGRESSIVE;
				GCC_WARN_UNUSED_FUNCTION = YES;
				GCC_WARN_UNUSED_VARIABLE = YES;
				MACOSX_DEPLOYMENT_TARGET = 10.13;
				MTL_ENABLE_DEBUG_INFO = YES;
				ONLY_ACTIVE_ARCH = YES;
				SDKROOT = macosx;
			};
			name = Debug;
		};
		E981BDEC207281B00078E07C /* Release */ = {
			isa = XCBuildConfiguration;
			buildSettings = {
				ALWAYS_SEARCH_USER_PATHS = NO;
				CLANG_ANALYZER_NONNULL = YES;
				CLANG_ANALYZER_NUMBER_OBJECT_CONVERSION = YES_AGGRESSIVE;
				CLANG_CXX_LANGUAGE_STANDARD = "gnu++14";
				CLANG_CXX_LIBRARY = "libc++";
				CLANG_ENABLE_MODULES = YES;
				CLANG_ENABLE_OBJC_ARC = YES;
				CLANG_WARN_BLOCK_CAPTURE_AUTORELEASING = YES;
				CLANG_WARN_BOOL_CONVERSION = YES;
				CLANG_WARN_COMMA = YES;
				CLANG_WARN_CONSTANT_CONVERSION = YES;
				CLANG_WARN_DIRECT_OBJC_ISA_USAGE = YES_ERROR;
				CLANG_WARN_DOCUMENTATION_COMMENTS = YES;
				CLANG_WARN_EMPTY_BODY = YES;
				CLANG_WARN_ENUM_CONVERSION = YES;
				CLANG_WARN_INFINITE_RECURSION = YES;
				CLANG_WARN_INT_CONVERSION = YES;
				CLANG_WARN_NON_LITERAL_NULL_CONVERSION = YES;
				CLANG_WARN_OBJC_LITERAL_CONVERSION = YES;
				CLANG_WARN_OBJC_ROOT_CLASS = YES_ERROR;
				CLANG_WARN_RANGE_LOOP_ANALYSIS = YES;
				CLANG_WARN_STRICT_PROTOTYPES = YES;
				CLANG_WARN_SUSPICIOUS_MOVE = YES;
				CLANG_WARN_UNGUARDED_AVAILABILITY = YES_AGGRESSIVE;
				CLANG_WARN_UNREACHABLE_CODE = YES;
				CLANG_WARN__DUPLICATE_METHOD_MATCH = YES;
				CODE_SIGN_IDENTITY = "-";
				COPY_PHASE_STRIP = NO;
				DEBUG_INFORMATION_FORMAT = "dwarf-with-dsym";
				ENABLE_NS_ASSERTIONS = NO;
				ENABLE_STRICT_OBJC_MSGSEND = YES;
				GCC_C_LANGUAGE_STANDARD = gnu11;
				GCC_NO_COMMON_BLOCKS = YES;
				GCC_WARN_64_TO_32_BIT_CONVERSION = YES;
				GCC_WARN_ABOUT_RETURN_TYPE = YES_ERROR;
				GCC_WARN_UNDECLARED_SELECTOR = YES;
				GCC_WARN_UNINITIALIZED_AUTOS = YES_AGGRESSIVE;
				GCC_WARN_UNUSED_FUNCTION = YES;
				GCC_WARN_UNUSED_VARIABLE = YES;
				MACOSX_DEPLOYMENT_TARGET = 10.13;
				MTL_ENABLE_DEBUG_INFO = NO;
				SDKROOT = macosx;
			};
			name = Release;
		};
		E981BDEE207281B00078E07C /* Debug */ = {
			isa = XCBuildConfiguration;
			buildSettings = {
				CODE_SIGN_STYLE = Automatic;
				FRAMEWORK_SEARCH_PATHS = "";
				HEADER_SEARCH_PATHS = "\"${SRCROOT}/../External Libraries/SFML/include\"";
				LIBRARY_SEARCH_PATHS = "\"${SRCROOT}/../External Libraries/SFML/lib\"";
				PRODUCT_NAME = "$(TARGET_NAME)";
			};
			name = Debug;
		};
		E981BDEF207281B00078E07C /* Release */ = {
			isa = XCBuildConfiguration;
			buildSettings = {
				CODE_SIGN_STYLE = Automatic;
				FRAMEWORK_SEARCH_PATHS = "";
				HEADER_SEARCH_PATHS = "\"${SRCROOT}/../External Libraries/SFML/include\"";
				LIBRARY_SEARCH_PATHS = "\"${SRCROOT}/../External Libraries/SFML/lib\"";
				PRODUCT_NAME = "$(TARGET_NAME)";
			};
			name = Release;
		};
/* End XCBuildConfiguration section */

/* Begin XCConfigurationList section */
		E981BDE1207281B00078E07C /* Build configuration list for PBXProject "SFML Template" */ = {
			isa = XCConfigurationList;
			buildConfigurations = (
				E981BDEB207281B00078E07C /* Debug */,
				E981BDEC207281B00078E07C /* Release */,
			);
			defaultConfigurationIsVisible = 0;
			defaultConfigurationName = Release;
		};
		E981BDED207281B00078E07C /* Build configuration list for PBXNativeTarget "SFML Template" */ = {
			isa = XCConfigurationList;
			buildConfigurations = (
				E981BDEE207281B00078E07C /* Debug */,
				E981BDEF207281B00078E07C /* Release */,
			);
			defaultConfigurationIsVisible = 0;
			defaultConfigurationName = Release;
		};
/* End XCConfigurationList section */
	};
	rootObject = E981BDDE207281B00078E07C /* Project object */;
}
